// !$*UTF8*$!
{
	archiveVersion = 1;
	classes = {
	};
	objectVersion = 48;
	objects = {

/* Begin PBXBuildFile section */
		25C426ED1FD9A8B100DD3DEC /* AppDelegate.swift in Sources */ = {isa = PBXBuildFile; fileRef = 25C426EC1FD9A8B100DD3DEC /* AppDelegate.swift */; };
		25C426EF1FD9A8B100DD3DEC /* ViewController.swift in Sources */ = {isa = PBXBuildFile; fileRef = 25C426EE1FD9A8B100DD3DEC /* ViewController.swift */; };
		25C426F21FD9A8B100DD3DEC /* Main.storyboard in Resources */ = {isa = PBXBuildFile; fileRef = 25C426F01FD9A8B100DD3DEC /* Main.storyboard */; };
		25C426F41FD9A8B100DD3DEC /* Assets.xcassets in Resources */ = {isa = PBXBuildFile; fileRef = 25C426F31FD9A8B100DD3DEC /* Assets.xcassets */; };
		25C426F71FD9A8B100DD3DEC /* LaunchScreen.storyboard in Resources */ = {isa = PBXBuildFile; fileRef = 25C426F51FD9A8B100DD3DEC /* LaunchScreen.storyboard */; };
/* End PBXBuildFile section */

/* Begin PBXFileReference section */
		25C426E91FD9A8B100DD3DEC /* BancoDados.app */ = {isa = PBXFileReference; explicitFileType = wrapper.application; includeInIndex = 0; path = BancoDados.app; sourceTree = BUILT_PRODUCTS_DIR; };
		25C426EC1FD9A8B100DD3DEC /* AppDelegate.swift */ = {isa = PBXFileReference; lastKnownFileType = sourcecode.swift; path = AppDelegate.swift; sourceTree = "<group>"; };
		25C426EE1FD9A8B100DD3DEC /* ViewController.swift */ = {isa = PBXFileReference; lastKnownFileType = sourcecode.swift; path = ViewController.swift; sourceTree = "<group>"; };
		25C426F11FD9A8B100DD3DEC /* Base */ = {isa = PBXFileReference; lastKnownFileType = file.storyboard; name = Base; path = Base.lproj/Main.storyboard; sourceTree = "<group>"; };
		25C426F31FD9A8B100DD3DEC /* Assets.xcassets */ = {isa = PBXFileReference; lastKnownFileType = folder.assetcatalog; path = Assets.xcassets; sourceTree = "<group>"; };
		25C426F61FD9A8B100DD3DEC /* Base */ = {isa = PBXFileReference; lastKnownFileType = file.storyboard; name = Base; path = Base.lproj/LaunchScreen.storyboard; sourceTree = "<group>"; };
		25C426F81FD9A8B100DD3DEC /* Info.plist */ = {isa = PBXFileReference; lastKnownFileType = text.plist.xml; path = Info.plist; sourceTree = "<group>"; };
/* End PBXFileReference section */

/* Begin PBXFrameworksBuildPhase section */
		25C426E61FD9A8B100DD3DEC /* Frameworks */ = {
			isa = PBXFrameworksBuildPhase;
			buildActionMask = 2147483647;
			files = (
			);
			runOnlyForDeploymentPostprocessing = 0;
		};
/* End PBXFrameworksBuildPhase section */

/* Begin PBXGroup section */
		25C426E01FD9A8B100DD3DEC = {
			isa = PBXGroup;
			children = (
				25C426EB1FD9A8B100DD3DEC /* BancoDados */,
				25C426EA1FD9A8B100DD3DEC /* Products */,
			);
			sourceTree = "<group>";
		};
		25C426EA1FD9A8B100DD3DEC /* Products */ = {
			isa = PBXGroup;
			children = (
				25C426E91FD9A8B100DD3DEC /* BancoDados.app */,
			);
			name = Products;
			sourceTree = "<group>";
		};
		25C426EB1FD9A8B100DD3DEC /* BancoDados */ = {
			isa = PBXGroup;
			children = (
				25C426EC1FD9A8B100DD3DEC /* AppDelegate.swift */,
				25C426EE1FD9A8B100DD3DEC /* ViewController.swift */,
				25C426F01FD9A8B100DD3DEC /* Main.storyboard */,
				25C426F31FD9A8B100DD3DEC /* Assets.xcassets */,
				25C426F51FD9A8B100DD3DEC /* LaunchScreen.storyboard */,
				25C426F81FD9A8B100DD3DEC /* Info.plist */,
			);
			path = BancoDados;
			sourceTree = "<group>";
		};
/* End PBXGroup section */

/* Begin PBXNativeTarget section */
		25C426E81FD9A8B100DD3DEC /* BancoDados */ = {
			isa = PBXNativeTarget;
			buildConfigurationList = 25C426FB1FD9A8B100DD3DEC /* Build configuration list for PBXNativeTarget "BancoDados" */;
			buildPhases = (
				25C426E51FD9A8B100DD3DEC /* Sources */,
				25C426E61FD9A8B100DD3DEC /* Frameworks */,
				25C426E71FD9A8B100DD3DEC /* Resources */,
			);
			buildRules = (
			);
			dependencies = (
			);
			name = BancoDados;
			productName = BancoDados;
			productReference = 25C426E91FD9A8B100DD3DEC /* BancoDados.app */;
			productType = "com.apple.product-type.application";
		};
/* End PBXNativeTarget section */

/* Begin PBXProject section */
		25C426E11FD9A8B100DD3DEC /* Project object */ = {
			isa = PBXProject;
			attributes = {
				LastSwiftUpdateCheck = 0910;
				LastUpgradeCheck = 0910;
				ORGANIZATIONNAME = "Aloc SP08608";
				TargetAttributes = {
					25C426E81FD9A8B100DD3DEC = {
						CreatedOnToolsVersion = 9.1;
						ProvisioningStyle = Automatic;
					};
				};
			};
			buildConfigurationList = 25C426E41FD9A8B100DD3DEC /* Build configuration list for PBXProject "BancoDados" */;
			compatibilityVersion = "Xcode 8.0";
			developmentRegion = en;
			hasScannedForEncodings = 0;
			knownRegions = (
				en,
				Base,
			);
			mainGroup = 25C426E01FD9A8B100DD3DEC;
			productRefGroup = 25C426EA1FD9A8B100DD3DEC /* Products */;
			projectDirPath = "";
			projectRoot = "";
			targets = (
				25C426E81FD9A8B100DD3DEC /* BancoDados */,
			);
		};
/* End PBXProject section */

/* Begin PBXResourcesBuildPhase section */
		25C426E71FD9A8B100DD3DEC /* Resources */ = {
			isa = PBXResourcesBuildPhase;
			buildActionMask = 2147483647;
			files = (
				25C426F71FD9A8B100DD3DEC /* LaunchScreen.storyboard in Resources */,
				25C426F41FD9A8B100DD3DEC /* Assets.xcassets in Resources */,
				25C426F21FD9A8B100DD3DEC /* Main.storyboard in Resources */,
			);
			runOnlyForDeploymentPostprocessing = 0;
		};
/* End PBXResourcesBuildPhase section */

/* Begin PBXSourcesBuildPhase section */
		25C426E51FD9A8B100DD3DEC /* Sources */ = {
			isa = PBXSourcesBuildPhase;
			buildActionMask = 2147483647;
			files = (
				25C426EF1FD9A8B100DD3DEC /* ViewController.swift in Sources */,
				25C426ED1FD9A8B100DD3DEC /* AppDelegate.swift in Sources */,
			);
			runOnlyForDeploymentPostprocessing = 0;
		};
/* End PBXSourcesBuildPhase section */

/* Begin PBXVariantGroup section */
		25C426F01FD9A8B100DD3DEC /* Main.storyboard */ = {
			isa = PBXVariantGroup;
			children = (
				25C426F11FD9A8B100DD3DEC /* Base */,
			);
			name = Main.storyboard;
			sourceTree = "<group>";
		};
		25C426F51FD9A8B100DD3DEC /* LaunchScreen.storyboard */ = {
			isa = PBXVariantGroup;
			children = (
				25C426F61FD9A8B100DD3DEC /* Base */,
			);
			name = LaunchScreen.storyboard;
			sourceTree = "<group>";
		};
/* End PBXVariantGroup section */

/* Begin XCBuildConfiguration section */
		25C426F91FD9A8B100DD3DEC /* Debug */ = {
			isa = XCBuildConfiguration;
			buildSettings = {
				ALWAYS_SEARCH_USER_PATHS = NO;
				CLANG_ANALYZER_NONNULL = YES;
				CLANG_ANALYZER_NUMBER_OBJECT_CONVERSION = YES_AGGRESSIVE;
				CLANG_CXX_LANGUAGE_STANDARD = "gnu++14";
				CLANG_CXX_LIBRARY = "libc++";
				CLANG_ENABLE_MODULES = YES;
				CLANG_ENABLE_OBJC_ARC = YES;
				CLANG_WARN_BLOCK_CAPTURE_AUTORELEASING = YES;
				CLANG_WARN_BOOL_CONVERSION = YES;
				CLANG_WARN_COMMA = YES;
				CLANG_WARN_CONSTANT_CONVERSION = YES;
				CLANG_WARN_DIRECT_OBJC_ISA_USAGE = YES_ERROR;
				CLANG_WARN_DOCUMENTATION_COMMENTS = YES;
				CLANG_WARN_EMPTY_BODY = YES;
				CLANG_WARN_ENUM_CONVERSION = YES;
				CLANG_WARN_INFINITE_RECURSION = YES;
				CLANG_WARN_INT_CONVERSION = YES;
				CLANG_WARN_NON_LITERAL_NULL_CONVERSION = YES;
				CLANG_WARN_OBJC_LITERAL_CONVERSION = YES;
				CLANG_WARN_OBJC_ROOT_CLASS = YES_ERROR;
				CLANG_WARN_RANGE_LOOP_ANALYSIS = YES;
				CLANG_WARN_STRICT_PROTOTYPES = YES;
				CLANG_WARN_SUSPICIOUS_MOVE = YES;
				CLANG_WARN_UNGUARDED_AVAILABILITY = YES_AGGRESSIVE;
				CLANG_WARN_UNREACHABLE_CODE = YES;
				CLANG_WARN__DUPLICATE_METHOD_MATCH = YES;
				CODE_SIGN_IDENTITY = "iPhone Developer";
				COPY_PHASE_STRIP = NO;
				DEBUG_INFORMATION_FORMAT = dwarf;
				ENABLE_STRICT_OBJC_MSGSEND = YES;
				ENABLE_TESTABILITY = YES;
				GCC_C_LANGUAGE_STANDARD = gnu11;
				GCC_DYNAMIC_NO_PIC = NO;
				GCC_NO_COMMON_BLOCKS = YES;
				GCC_OPTIMIZATION_LEVEL = 0;
				GCC_PREPROCESSOR_DEFINITIONS = (
					"DEBUG=1",
					"$(inherited)",
				);
				GCC_WARN_64_TO_32_BIT_CONVERSION = YES;
				GCC_WARN_ABOUT_RETURN_TYPE = YES_ERROR;
				GCC_WARN_UNDECLARED_SELECTOR = YES;
				GCC_WARN_UNINITIALIZED_AUTOS = YES_AGGRESSIVE;
				GCC_WARN_UNUSED_FUNCTION = YES;
				GCC_WARN_UNUSED_VARIABLE = YES;
				IPHONEOS_DEPLOYMENT_TARGET = 11.1;
				MTL_ENABLE_DEBUG_INFO = YES;
				ONLY_ACTIVE_ARCH = YES;
				SDKROOT = iphoneos;
				SWIFT_ACTIVE_COMPILATION_CONDITIONS = DEBUG;
				SWIFT_OPTIMIZATION_LEVEL = "-Onone";
			};
			name = Debug;
		};
		25C426FA1FD9A8B100DD3DEC /* Release */ = {
			isa = XCBuildConfiguration;
			buildSettings = {
				ALWAYS_SEARCH_USER_PATHS = NO;
				CLANG_ANALYZER_NONNULL = YES;
				CLANG_ANALYZER_NUMBER_OBJECT_CONVERSION = YES_AGGRESSIVE;
				CLANG_CXX_LANGUAGE_STANDARD = "gnu++14";
				CLANG_CXX_LIBRARY = "libc++";
				CLANG_ENABLE_MODULES = YES;
				CLANG_ENABLE_OBJC_ARC = YES;
				CLANG_WARN_BLOCK_CAPTURE_AUTORELEASING = YES;
				CLANG_WARN_BOOL_CONVERSION = YES;
				CLANG_WARN_COMMA = YES;
				CLANG_WARN_CONSTANT_CONVERSION = YES;
				CLANG_WARN_DIRECT_OBJC_ISA_USAGE = YES_ERROR;
				CLANG_WARN_DOCUMENTATION_COMMENTS = YES;
				CLANG_WARN_EMPTY_BODY = YES;
				CLANG_WARN_ENUM_CONVERSION = YES;
				CLANG_WARN_INFINITE_RECURSION = YES;
				CLANG_WARN_INT_CONVERSION = YES;
				CLANG_WARN_NON_LITERAL_NULL_CONVERSION = YES;
				CLANG_WARN_OBJC_LITERAL_CONVERSION = YES;
				CLANG_WARN_OBJC_ROOT_CLASS = YES_ERROR;
				CLANG_WARN_RANGE_LOOP_ANALYSIS = YES;
				CLANG_WARN_STRICT_PROTOTYPES = YES;
				CLANG_WARN_SUSPICIOUS_MOVE = YES;
				CLANG_WARN_UNGUARDED_AVAILABILITY = YES_AGGRESSIVE;
				CLANG_WARN_UNREACHABLE_CODE = YES;
				CLANG_WARN__DUPLICATE_METHOD_MATCH = YES;
				CODE_SIGN_IDENTITY = "iPhone Developer";
				COPY_PHASE_STRIP = NO;
				DEBUG_INFORMATION_FORMAT = "dwarf-with-dsym";
				ENABLE_NS_ASSERTIONS = NO;
				ENABLE_STRICT_OBJC_MSGSEND = YES;
				GCC_C_LANGUAGE_STANDARD = gnu11;
				GCC_NO_COMMON_BLOCKS = YES;
				GCC_WARN_64_TO_32_BIT_CONVERSION = YES;
				GCC_WARN_ABOUT_RETURN_TYPE = YES_ERROR;
				GCC_WARN_UNDECLARED_SELECTOR = YES;
				GCC_WARN_UNINITIALIZED_AUTOS = YES_AGGRESSIVE;
				GCC_WARN_UNUSED_FUNCTION = YES;
				GCC_WARN_UNUSED_VARIABLE = YES;
				IPHONEOS_DEPLOYMENT_TARGET = 11.1;
				MTL_ENABLE_DEBUG_INFO = NO;
				SDKROOT = iphoneos;
				SWIFT_OPTIMIZATION_LEVEL = "-Owholemodule";
				VALIDATE_PRODUCT = YES;
			};
			name = Release;
		};
		25C426FC1FD9A8B100DD3DEC /* Debug */ = {
			isa = XCBuildConfiguration;
			buildSettings = {
				ASSETCATALOG_COMPILER_APPICON_NAME = AppIcon;
				CODE_SIGN_STYLE = Automatic;
				DEVELOPMENT_TEAM = H37976G458;
				INFOPLIST_FILE = BancoDados/Info.plist;
				LD_RUNPATH_SEARCH_PATHS = "$(inherited) @executable_path/Frameworks";
				PRODUCT_BUNDLE_IDENTIFIER = com.scopus.juliano.BancoDados;
				PRODUCT_NAME = "$(TARGET_NAME)";
				SWIFT_VERSION = 4.0;
				TARGETED_DEVICE_FAMILY = "1,2";
			};
			name = Debug;
		};
		25C426FD1FD9A8B100DD3DEC /* Release */ = {
			isa = XCBuildConfiguration;
			buildSettings = {
				ASSETCATALOG_COMPILER_APPICON_NAME = AppIcon;
				CODE_SIGN_STYLE = Automatic;
				DEVELOPMENT_TEAM = H37976G458;
				INFOPLIST_FILE = BancoDados/Info.plist;
				LD_RUNPATH_SEARCH_PATHS = "$(inherited) @executable_path/Frameworks";
				PRODUCT_BUNDLE_IDENTIFIER = com.scopus.juliano.BancoDados;
				PRODUCT_NAME = "$(TARGET_NAME)";
				SWIFT_VERSION = 4.0;
				TARGETED_DEVICE_FAMILY = "1,2";
			};
			name = Release;
		};
/* End XCBuildConfiguration section */

/* Begin XCConfigurationList section */
		25C426E41FD9A8B100DD3DEC /* Build configuration list for PBXProject "BancoDados" */ = {
			isa = XCConfigurationList;
			buildConfigurations = (
				25C426F91FD9A8B100DD3DEC /* Debug */,
				25C426FA1FD9A8B100DD3DEC /* Release */,
			);
			defaultConfigurationIsVisible = 0;
			defaultConfigurationName = Release;
		};
		25C426FB1FD9A8B100DD3DEC /* Build configuration list for PBXNativeTarget "BancoDados" */ = {
			isa = XCConfigurationList;
			buildConfigurations = (
				25C426FC1FD9A8B100DD3DEC /* Debug */,
				25C426FD1FD9A8B100DD3DEC /* Release */,
			);
			defaultConfigurationIsVisible = 0;
			defaultConfigurationName = Release;
		};
/* End XCConfigurationList section */
	};
	rootObject = 25C426E11FD9A8B100DD3DEC /* Project object */;
}
