// !$*UTF8*$!
{
	archiveVersion = 1;
	classes = {
	};
	objectVersion = 48;
	objects = {

/* Begin PBXBuildFile section */
		255BD2F41FD0C94C00ACE899 /* AppDelegate.swift in Sources */ = {isa = PBXBuildFile; fileRef = 255BD2F31FD0C94C00ACE899 /* AppDelegate.swift */; };
		255BD2F61FD0C94C00ACE899 /* ViewController.swift in Sources */ = {isa = PBXBuildFile; fileRef = 255BD2F51FD0C94C00ACE899 /* ViewController.swift */; };
		255BD2F91FD0C94C00ACE899 /* Main.storyboard in Resources */ = {isa = PBXBuildFile; fileRef = 255BD2F71FD0C94C00ACE899 /* Main.storyboard */; };
		255BD2FB1FD0C94C00ACE899 /* Assets.xcassets in Resources */ = {isa = PBXBuildFile; fileRef = 255BD2FA1FD0C94C00ACE899 /* Assets.xcassets */; };
		255BD2FE1FD0C94C00ACE899 /* LaunchScreen.storyboard in Resources */ = {isa = PBXBuildFile; fileRef = 255BD2FC1FD0C94C00ACE899 /* LaunchScreen.storyboard */; };
		255BD3061FD1B2DD00ACE899 /* TabBarViewController.swift in Sources */ = {isa = PBXBuildFile; fileRef = 255BD3051FD1B2DD00ACE899 /* TabBarViewController.swift */; };
		255BD3081FD1B5D400ACE899 /* TableViewController.swift in Sources */ = {isa = PBXBuildFile; fileRef = 255BD3071FD1B5D400ACE899 /* TableViewController.swift */; };
		255BD30A1FD1B72A00ACE899 /* SegueViewController.swift in Sources */ = {isa = PBXBuildFile; fileRef = 255BD3091FD1B72A00ACE899 /* SegueViewController.swift */; };
/* End PBXBuildFile section */

/* Begin PBXFileReference section */
		255BD2F01FD0C94C00ACE899 /* MultiplosViewControllers.app */ = {isa = PBXFileReference; explicitFileType = wrapper.application; includeInIndex = 0; path = MultiplosViewControllers.app; sourceTree = BUILT_PRODUCTS_DIR; };
		255BD2F31FD0C94C00ACE899 /* AppDelegate.swift */ = {isa = PBXFileReference; lastKnownFileType = sourcecode.swift; path = AppDelegate.swift; sourceTree = "<group>"; };
		255BD2F51FD0C94C00ACE899 /* ViewController.swift */ = {isa = PBXFileReference; lastKnownFileType = sourcecode.swift; path = ViewController.swift; sourceTree = "<group>"; };
		255BD2F81FD0C94C00ACE899 /* Base */ = {isa = PBXFileReference; lastKnownFileType = file.storyboard; name = Base; path = Base.lproj/Main.storyboard; sourceTree = "<group>"; };
		255BD2FA1FD0C94C00ACE899 /* Assets.xcassets */ = {isa = PBXFileReference; lastKnownFileType = folder.assetcatalog; path = Assets.xcassets; sourceTree = "<group>"; };
		255BD2FD1FD0C94C00ACE899 /* Base */ = {isa = PBXFileReference; lastKnownFileType = file.storyboard; name = Base; path = Base.lproj/LaunchScreen.storyboard; sourceTree = "<group>"; };
		255BD2FF1FD0C94C00ACE899 /* Info.plist */ = {isa = PBXFileReference; lastKnownFileType = text.plist.xml; path = Info.plist; sourceTree = "<group>"; };
		255BD3051FD1B2DD00ACE899 /* TabBarViewController.swift */ = {isa = PBXFileReference; lastKnownFileType = sourcecode.swift; path = TabBarViewController.swift; sourceTree = "<group>"; };
		255BD3071FD1B5D400ACE899 /* TableViewController.swift */ = {isa = PBXFileReference; lastKnownFileType = sourcecode.swift; path = TableViewController.swift; sourceTree = "<group>"; };
		255BD3091FD1B72A00ACE899 /* SegueViewController.swift */ = {isa = PBXFileReference; lastKnownFileType = sourcecode.swift; path = SegueViewController.swift; sourceTree = "<group>"; };
/* End PBXFileReference section */

/* Begin PBXFrameworksBuildPhase section */
		255BD2ED1FD0C94C00ACE899 /* Frameworks */ = {
			isa = PBXFrameworksBuildPhase;
			buildActionMask = 2147483647;
			files = (
			);
			runOnlyForDeploymentPostprocessing = 0;
		};
/* End PBXFrameworksBuildPhase section */

/* Begin PBXGroup section */
		255BD2E71FD0C94C00ACE899 = {
			isa = PBXGroup;
			children = (
				255BD2F21FD0C94C00ACE899 /* MultiplosViewControllers */,
				255BD2F11FD0C94C00ACE899 /* Products */,
			);
			sourceTree = "<group>";
		};
		255BD2F11FD0C94C00ACE899 /* Products */ = {
			isa = PBXGroup;
			children = (
				255BD2F01FD0C94C00ACE899 /* MultiplosViewControllers.app */,
			);
			name = Products;
			sourceTree = "<group>";
		};
		255BD2F21FD0C94C00ACE899 /* MultiplosViewControllers */ = {
			isa = PBXGroup;
			children = (
				255BD2F31FD0C94C00ACE899 /* AppDelegate.swift */,
				255BD2F51FD0C94C00ACE899 /* ViewController.swift */,
				255BD2F71FD0C94C00ACE899 /* Main.storyboard */,
				255BD3091FD1B72A00ACE899 /* SegueViewController.swift */,
				255BD3071FD1B5D400ACE899 /* TableViewController.swift */,
				255BD3051FD1B2DD00ACE899 /* TabBarViewController.swift */,
				255BD2FA1FD0C94C00ACE899 /* Assets.xcassets */,
				255BD2FC1FD0C94C00ACE899 /* LaunchScreen.storyboard */,
				255BD2FF1FD0C94C00ACE899 /* Info.plist */,
			);
			path = MultiplosViewControllers;
			sourceTree = "<group>";
		};
/* End PBXGroup section */

/* Begin PBXNativeTarget section */
		255BD2EF1FD0C94C00ACE899 /* MultiplosViewControllers */ = {
			isa = PBXNativeTarget;
			buildConfigurationList = 255BD3021FD0C94C00ACE899 /* Build configuration list for PBXNativeTarget "MultiplosViewControllers" */;
			buildPhases = (
				255BD2EC1FD0C94C00ACE899 /* Sources */,
				255BD2ED1FD0C94C00ACE899 /* Frameworks */,
				255BD2EE1FD0C94C00ACE899 /* Resources */,
			);
			buildRules = (
			);
			dependencies = (
			);
			name = MultiplosViewControllers;
			productName = MultiplosViewControllers;
			productReference = 255BD2F01FD0C94C00ACE899 /* MultiplosViewControllers.app */;
			productType = "com.apple.product-type.application";
		};
/* End PBXNativeTarget section */

/* Begin PBXProject section */
		255BD2E81FD0C94C00ACE899 /* Project object */ = {
			isa = PBXProject;
			attributes = {
				LastSwiftUpdateCheck = 0910;
				LastUpgradeCheck = 0910;
				ORGANIZATIONNAME = "Aloc SP08608";
				TargetAttributes = {
					255BD2EF1FD0C94C00ACE899 = {
						CreatedOnToolsVersion = 9.1;
						ProvisioningStyle = Automatic;
					};
				};
			};
			buildConfigurationList = 255BD2EB1FD0C94C00ACE899 /* Build configuration list for PBXProject "MultiplosViewControllers" */;
			compatibilityVersion = "Xcode 8.0";
			developmentRegion = en;
			hasScannedForEncodings = 0;
			knownRegions = (
				en,
				Base,
			);
			mainGroup = 255BD2E71FD0C94C00ACE899;
			productRefGroup = 255BD2F11FD0C94C00ACE899 /* Products */;
			projectDirPath = "";
			projectRoot = "";
			targets = (
				255BD2EF1FD0C94C00ACE899 /* MultiplosViewControllers */,
			);
		};
/* End PBXProject section */

/* Begin PBXResourcesBuildPhase section */
		255BD2EE1FD0C94C00ACE899 /* Resources */ = {
			isa = PBXResourcesBuildPhase;
			buildActionMask = 2147483647;
			files = (
				255BD2FE1FD0C94C00ACE899 /* LaunchScreen.storyboard in Resources */,
				255BD2FB1FD0C94C00ACE899 /* Assets.xcassets in Resources */,
				255BD2F91FD0C94C00ACE899 /* Main.storyboard in Resources */,
			);
			runOnlyForDeploymentPostprocessing = 0;
		};
/* End PBXResourcesBuildPhase section */

/* Begin PBXSourcesBuildPhase section */
		255BD2EC1FD0C94C00ACE899 /* Sources */ = {
			isa = PBXSourcesBuildPhase;
			buildActionMask = 2147483647;
			files = (
				255BD2F61FD0C94C00ACE899 /* ViewController.swift in Sources */,
				255BD3061FD1B2DD00ACE899 /* TabBarViewController.swift in Sources */,
				255BD2F41FD0C94C00ACE899 /* AppDelegate.swift in Sources */,
				255BD30A1FD1B72A00ACE899 /* SegueViewController.swift in Sources */,
				255BD3081FD1B5D400ACE899 /* TableViewController.swift in Sources */,
			);
			runOnlyForDeploymentPostprocessing = 0;
		};
/* End PBXSourcesBuildPhase section */

/* Begin PBXVariantGroup section */
		255BD2F71FD0C94C00ACE899 /* Main.storyboard */ = {
			isa = PBXVariantGroup;
			children = (
				255BD2F81FD0C94C00ACE899 /* Base */,
			);
			name = Main.storyboard;
			sourceTree = "<group>";
		};
		255BD2FC1FD0C94C00ACE899 /* LaunchScreen.storyboard */ = {
			isa = PBXVariantGroup;
			children = (
				255BD2FD1FD0C94C00ACE899 /* Base */,
			);
			name = LaunchScreen.storyboard;
			sourceTree = "<group>";
		};
/* End PBXVariantGroup section */

/* Begin XCBuildConfiguration section */
		255BD3001FD0C94C00ACE899 /* Debug */ = {
			isa = XCBuildConfiguration;
			buildSettings = {
				ALWAYS_SEARCH_USER_PATHS = NO;
				CLANG_ANALYZER_NONNULL = YES;
				CLANG_ANALYZER_NUMBER_OBJECT_CONVERSION = YES_AGGRESSIVE;
				CLANG_CXX_LANGUAGE_STANDARD = "gnu++14";
				CLANG_CXX_LIBRARY = "libc++";
				CLANG_ENABLE_MODULES = YES;
				CLANG_ENABLE_OBJC_ARC = YES;
				CLANG_WARN_BLOCK_CAPTURE_AUTORELEASING = YES;
				CLANG_WARN_BOOL_CONVERSION = YES;
				CLANG_WARN_COMMA = YES;
				CLANG_WARN_CONSTANT_CONVERSION = YES;
				CLANG_WARN_DIRECT_OBJC_ISA_USAGE = YES_ERROR;
				CLANG_WARN_DOCUMENTATION_COMMENTS = YES;
				CLANG_WARN_EMPTY_BODY = YES;
				CLANG_WARN_ENUM_CONVERSION = YES;
				CLANG_WARN_INFINITE_RECURSION = YES;
				CLANG_WARN_INT_CONVERSION = YES;
				CLANG_WARN_NON_LITERAL_NULL_CONVERSION = YES;
				CLANG_WARN_OBJC_LITERAL_CONVERSION = YES;
				CLANG_WARN_OBJC_ROOT_CLASS = YES_ERROR;
				CLANG_WARN_RANGE_LOOP_ANALYSIS = YES;
				CLANG_WARN_STRICT_PROTOTYPES = YES;
				CLANG_WARN_SUSPICIOUS_MOVE = YES;
				CLANG_WARN_UNGUARDED_AVAILABILITY = YES_AGGRESSIVE;
				CLANG_WARN_UNREACHABLE_CODE = YES;
				CLANG_WARN__DUPLICATE_METHOD_MATCH = YES;
				CODE_SIGN_IDENTITY = "iPhone Developer";
				COPY_PHASE_STRIP = NO;
				DEBUG_INFORMATION_FORMAT = dwarf;
				ENABLE_STRICT_OBJC_MSGSEND = YES;
				ENABLE_TESTABILITY = YES;
				GCC_C_LANGUAGE_STANDARD = gnu11;
				GCC_DYNAMIC_NO_PIC = NO;
				GCC_NO_COMMON_BLOCKS = YES;
				GCC_OPTIMIZATION_LEVEL = 0;
				GCC_PREPROCESSOR_DEFINITIONS = (
					"DEBUG=1",
					"$(inherited)",
				);
				GCC_WARN_64_TO_32_BIT_CONVERSION = YES;
				GCC_WARN_ABOUT_RETURN_TYPE = YES_ERROR;
				GCC_WARN_UNDECLARED_SELECTOR = YES;
				GCC_WARN_UNINITIALIZED_AUTOS = YES_AGGRESSIVE;
				GCC_WARN_UNUSED_FUNCTION = YES;
				GCC_WARN_UNUSED_VARIABLE = YES;
				IPHONEOS_DEPLOYMENT_TARGET = 11.1;
				MTL_ENABLE_DEBUG_INFO = YES;
				ONLY_ACTIVE_ARCH = YES;
				SDKROOT = iphoneos;
				SWIFT_ACTIVE_COMPILATION_CONDITIONS = DEBUG;
				SWIFT_OPTIMIZATION_LEVEL = "-Onone";
			};
			name = Debug;
		};
		255BD3011FD0C94C00ACE899 /* Release */ = {
			isa = XCBuildConfiguration;
			buildSettings = {
				ALWAYS_SEARCH_USER_PATHS = NO;
				CLANG_ANALYZER_NONNULL = YES;
				CLANG_ANALYZER_NUMBER_OBJECT_CONVERSION = YES_AGGRESSIVE;
				CLANG_CXX_LANGUAGE_STANDARD = "gnu++14";
				CLANG_CXX_LIBRARY = "libc++";
				CLANG_ENABLE_MODULES = YES;
				CLANG_ENABLE_OBJC_ARC = YES;
				CLANG_WARN_BLOCK_CAPTURE_AUTORELEASING = YES;
				CLANG_WARN_BOOL_CONVERSION = YES;
				CLANG_WARN_COMMA = YES;
				CLANG_WARN_CONSTANT_CONVERSION = YES;
				CLANG_WARN_DIRECT_OBJC_ISA_USAGE = YES_ERROR;
				CLANG_WARN_DOCUMENTATION_COMMENTS = YES;
				CLANG_WARN_EMPTY_BODY = YES;
				CLANG_WARN_ENUM_CONVERSION = YES;
				CLANG_WARN_INFINITE_RECURSION = YES;
				CLANG_WARN_INT_CONVERSION = YES;
				CLANG_WARN_NON_LITERAL_NULL_CONVERSION = YES;
				CLANG_WARN_OBJC_LITERAL_CONVERSION = YES;
				CLANG_WARN_OBJC_ROOT_CLASS = YES_ERROR;
				CLANG_WARN_RANGE_LOOP_ANALYSIS = YES;
				CLANG_WARN_STRICT_PROTOTYPES = YES;
				CLANG_WARN_SUSPICIOUS_MOVE = YES;
				CLANG_WARN_UNGUARDED_AVAILABILITY = YES_AGGRESSIVE;
				CLANG_WARN_UNREACHABLE_CODE = YES;
				CLANG_WARN__DUPLICATE_METHOD_MATCH = YES;
				CODE_SIGN_IDENTITY = "iPhone Developer";
				COPY_PHASE_STRIP = NO;
				DEBUG_INFORMATION_FORMAT = "dwarf-with-dsym";
				ENABLE_NS_ASSERTIONS = NO;
				ENABLE_STRICT_OBJC_MSGSEND = YES;
				GCC_C_LANGUAGE_STANDARD = gnu11;
				GCC_NO_COMMON_BLOCKS = YES;
				GCC_WARN_64_TO_32_BIT_CONVERSION = YES;
				GCC_WARN_ABOUT_RETURN_TYPE = YES_ERROR;
				GCC_WARN_UNDECLARED_SELECTOR = YES;
				GCC_WARN_UNINITIALIZED_AUTOS = YES_AGGRESSIVE;
				GCC_WARN_UNUSED_FUNCTION = YES;
				GCC_WARN_UNUSED_VARIABLE = YES;
				IPHONEOS_DEPLOYMENT_TARGET = 11.1;
				MTL_ENABLE_DEBUG_INFO = NO;
				SDKROOT = iphoneos;
				SWIFT_OPTIMIZATION_LEVEL = "-Owholemodule";
				VALIDATE_PRODUCT = YES;
			};
			name = Release;
		};
		255BD3031FD0C94C00ACE899 /* Debug */ = {
			isa = XCBuildConfiguration;
			buildSettings = {
				ASSETCATALOG_COMPILER_APPICON_NAME = AppIcon;
				CODE_SIGN_STYLE = Automatic;
				DEVELOPMENT_TEAM = H37976G458;
				INFOPLIST_FILE = MultiplosViewControllers/Info.plist;
				LD_RUNPATH_SEARCH_PATHS = "$(inherited) @executable_path/Frameworks";
				PRODUCT_BUNDLE_IDENTIFIER = com.scopus.juliano.MultiplosViewControllers;
				PRODUCT_NAME = "$(TARGET_NAME)";
				SWIFT_VERSION = 4.0;
				TARGETED_DEVICE_FAMILY = "1,2";
			};
			name = Debug;
		};
		255BD3041FD0C94C00ACE899 /* Release */ = {
			isa = XCBuildConfiguration;
			buildSettings = {
				ASSETCATALOG_COMPILER_APPICON_NAME = AppIcon;
				CODE_SIGN_STYLE = Automatic;
				DEVELOPMENT_TEAM = H37976G458;
				INFOPLIST_FILE = MultiplosViewControllers/Info.plist;
				LD_RUNPATH_SEARCH_PATHS = "$(inherited) @executable_path/Frameworks";
				PRODUCT_BUNDLE_IDENTIFIER = com.scopus.juliano.MultiplosViewControllers;
				PRODUCT_NAME = "$(TARGET_NAME)";
				SWIFT_VERSION = 4.0;
				TARGETED_DEVICE_FAMILY = "1,2";
			};
			name = Release;
		};
/* End XCBuildConfiguration section */

/* Begin XCConfigurationList section */
		255BD2EB1FD0C94C00ACE899 /* Build configuration list for PBXProject "MultiplosViewControllers" */ = {
			isa = XCConfigurationList;
			buildConfigurations = (
				255BD3001FD0C94C00ACE899 /* Debug */,
				255BD3011FD0C94C00ACE899 /* Release */,
			);
			defaultConfigurationIsVisible = 0;
			defaultConfigurationName = Release;
		};
		255BD3021FD0C94C00ACE899 /* Build configuration list for PBXNativeTarget "MultiplosViewControllers" */ = {
			isa = XCConfigurationList;
			buildConfigurations = (
				255BD3031FD0C94C00ACE899 /* Debug */,
				255BD3041FD0C94C00ACE899 /* Release */,
			);
			defaultConfigurationIsVisible = 0;
			defaultConfigurationName = Release;
		};
/* End XCConfigurationList section */
	};
	rootObject = 255BD2E81FD0C94C00ACE899 /* Project object */;
}
