// !$*UTF8*$!
{
	archiveVersion = 1;
	classes = {
	};
	objectVersion = 48;
	objects = {

/* Begin PBXBuildFile section */
		255BD32F1FD1BFE100ACE899 /* AppDelegate.swift in Sources */ = {isa = PBXBuildFile; fileRef = 255BD32E1FD1BFE100ACE899 /* AppDelegate.swift */; };
		255BD3341FD1BFE100ACE899 /* Main.storyboard in Resources */ = {isa = PBXBuildFile; fileRef = 255BD3321FD1BFE100ACE899 /* Main.storyboard */; };
		255BD3361FD1BFE100ACE899 /* Assets.xcassets in Resources */ = {isa = PBXBuildFile; fileRef = 255BD3351FD1BFE100ACE899 /* Assets.xcassets */; };
		255BD3391FD1BFE100ACE899 /* LaunchScreen.storyboard in Resources */ = {isa = PBXBuildFile; fileRef = 255BD3371FD1BFE100ACE899 /* LaunchScreen.storyboard */; };
		255BD3471FD1C29D00ACE899 /* SaveScheduleController.swift in Sources */ = {isa = PBXBuildFile; fileRef = 255BD3461FD1C29D00ACE899 /* SaveScheduleController.swift */; };
		255BD3491FD1C47E00ACE899 /* DB.swift in Sources */ = {isa = PBXBuildFile; fileRef = 255BD3481FD1C47E00ACE899 /* DB.swift */; };
		255BD34B1FD1C4A900ACE899 /* Schedule.swift in Sources */ = {isa = PBXBuildFile; fileRef = 255BD34A1FD1C4A900ACE899 /* Schedule.swift */; };
		255BD3511FD1F36B00ACE899 /* ScheduleTableViewCell.swift in Sources */ = {isa = PBXBuildFile; fileRef = 255BD3501FD1F36B00ACE899 /* ScheduleTableViewCell.swift */; };
		255BD3531FD1FC7700ACE899 /* ConsultScheduleController.swift in Sources */ = {isa = PBXBuildFile; fileRef = 255BD3521FD1FC7700ACE899 /* ConsultScheduleController.swift */; };
		255BD3551FD1FE7200ACE899 /* ScheduleTabBarController.swift in Sources */ = {isa = PBXBuildFile; fileRef = 255BD3541FD1FE7200ACE899 /* ScheduleTabBarController.swift */; };
/* End PBXBuildFile section */

/* Begin PBXFileReference section */
		255BD32B1FD1BFE100ACE899 /* ReminderApp.app */ = {isa = PBXFileReference; explicitFileType = wrapper.application; includeInIndex = 0; path = ReminderApp.app; sourceTree = BUILT_PRODUCTS_DIR; };
		255BD32E1FD1BFE100ACE899 /* AppDelegate.swift */ = {isa = PBXFileReference; lastKnownFileType = sourcecode.swift; path = AppDelegate.swift; sourceTree = "<group>"; };
		255BD3331FD1BFE100ACE899 /* Base */ = {isa = PBXFileReference; lastKnownFileType = file.storyboard; name = Base; path = Base.lproj/Main.storyboard; sourceTree = "<group>"; };
		255BD3351FD1BFE100ACE899 /* Assets.xcassets */ = {isa = PBXFileReference; lastKnownFileType = folder.assetcatalog; path = Assets.xcassets; sourceTree = "<group>"; };
		255BD3381FD1BFE100ACE899 /* Base */ = {isa = PBXFileReference; lastKnownFileType = file.storyboard; name = Base; path = Base.lproj/LaunchScreen.storyboard; sourceTree = "<group>"; };
		255BD33A1FD1BFE100ACE899 /* Info.plist */ = {isa = PBXFileReference; lastKnownFileType = text.plist.xml; path = Info.plist; sourceTree = "<group>"; };
		255BD3461FD1C29D00ACE899 /* SaveScheduleController.swift */ = {isa = PBXFileReference; lastKnownFileType = sourcecode.swift; path = SaveScheduleController.swift; sourceTree = "<group>"; };
		255BD3481FD1C47E00ACE899 /* DB.swift */ = {isa = PBXFileReference; lastKnownFileType = sourcecode.swift; path = DB.swift; sourceTree = "<group>"; };
		255BD34A1FD1C4A900ACE899 /* Schedule.swift */ = {isa = PBXFileReference; lastKnownFileType = sourcecode.swift; path = Schedule.swift; sourceTree = "<group>"; };
		255BD3501FD1F36B00ACE899 /* ScheduleTableViewCell.swift */ = {isa = PBXFileReference; lastKnownFileType = sourcecode.swift; path = ScheduleTableViewCell.swift; sourceTree = "<group>"; };
		255BD3521FD1FC7700ACE899 /* ConsultScheduleController.swift */ = {isa = PBXFileReference; lastKnownFileType = sourcecode.swift; path = ConsultScheduleController.swift; sourceTree = "<group>"; };
		255BD3541FD1FE7200ACE899 /* ScheduleTabBarController.swift */ = {isa = PBXFileReference; lastKnownFileType = sourcecode.swift; path = ScheduleTabBarController.swift; sourceTree = "<group>"; };
/* End PBXFileReference section */

/* Begin PBXFrameworksBuildPhase section */
		255BD3281FD1BFE100ACE899 /* Frameworks */ = {
			isa = PBXFrameworksBuildPhase;
			buildActionMask = 2147483647;
			files = (
			);
			runOnlyForDeploymentPostprocessing = 0;
		};
/* End PBXFrameworksBuildPhase section */

/* Begin PBXGroup section */
		255BD3221FD1BFE100ACE899 = {
			isa = PBXGroup;
			children = (
				255BD32D1FD1BFE100ACE899 /* ReminderApp */,
				255BD32C1FD1BFE100ACE899 /* Products */,
			);
			sourceTree = "<group>";
		};
		255BD32C1FD1BFE100ACE899 /* Products */ = {
			isa = PBXGroup;
			children = (
				255BD32B1FD1BFE100ACE899 /* ReminderApp.app */,
			);
			name = Products;
			sourceTree = "<group>";
		};
		255BD32D1FD1BFE100ACE899 /* ReminderApp */ = {
			isa = PBXGroup;
			children = (
				255BD3431FD1C1A600ACE899 /* Controller */,
				255BD3421FD1C19F00ACE899 /* View */,
				255BD3411FD1C19500ACE899 /* Model */,
				255BD3401FD1C16300ACE899 /* Support Files */,
				255BD3321FD1BFE100ACE899 /* Main.storyboard */,
			);
			path = ReminderApp;
			sourceTree = "<group>";
		};
		255BD3401FD1C16300ACE899 /* Support Files */ = {
			isa = PBXGroup;
			children = (
				255BD3371FD1BFE100ACE899 /* LaunchScreen.storyboard */,
				255BD33A1FD1BFE100ACE899 /* Info.plist */,
				255BD32E1FD1BFE100ACE899 /* AppDelegate.swift */,
				255BD3351FD1BFE100ACE899 /* Assets.xcassets */,
			);
			name = "Support Files";
			sourceTree = "<group>";
		};
		255BD3411FD1C19500ACE899 /* Model */ = {
			isa = PBXGroup;
			children = (
				255BD3481FD1C47E00ACE899 /* DB.swift */,
				255BD34A1FD1C4A900ACE899 /* Schedule.swift */,
			);
			name = Model;
			sourceTree = "<group>";
		};
		255BD3421FD1C19F00ACE899 /* View */ = {
			isa = PBXGroup;
			children = (
				255BD3501FD1F36B00ACE899 /* ScheduleTableViewCell.swift */,
			);
			name = View;
			sourceTree = "<group>";
		};
		255BD3431FD1C1A600ACE899 /* Controller */ = {
			isa = PBXGroup;
			children = (
				255BD3461FD1C29D00ACE899 /* SaveScheduleController.swift */,
				255BD3521FD1FC7700ACE899 /* ConsultScheduleController.swift */,
				255BD3541FD1FE7200ACE899 /* ScheduleTabBarController.swift */,
			);
			name = Controller;
			sourceTree = "<group>";
		};
/* End PBXGroup section */

/* Begin PBXNativeTarget section */
		255BD32A1FD1BFE100ACE899 /* ReminderApp */ = {
			isa = PBXNativeTarget;
			buildConfigurationList = 255BD33D1FD1BFE100ACE899 /* Build configuration list for PBXNativeTarget "ReminderApp" */;
			buildPhases = (
				255BD3271FD1BFE100ACE899 /* Sources */,
				255BD3281FD1BFE100ACE899 /* Frameworks */,
				255BD3291FD1BFE100ACE899 /* Resources */,
			);
			buildRules = (
			);
			dependencies = (
			);
			name = ReminderApp;
			productName = ReminderApp;
			productReference = 255BD32B1FD1BFE100ACE899 /* ReminderApp.app */;
			productType = "com.apple.product-type.application";
		};
/* End PBXNativeTarget section */

/* Begin PBXProject section */
		255BD3231FD1BFE100ACE899 /* Project object */ = {
			isa = PBXProject;
			attributes = {
				LastSwiftUpdateCheck = 0910;
				LastUpgradeCheck = 0910;
				ORGANIZATIONNAME = "Aloc SP08608";
				TargetAttributes = {
					255BD32A1FD1BFE100ACE899 = {
						CreatedOnToolsVersion = 9.1;
						ProvisioningStyle = Automatic;
					};
				};
			};
			buildConfigurationList = 255BD3261FD1BFE100ACE899 /* Build configuration list for PBXProject "ReminderApp" */;
			compatibilityVersion = "Xcode 8.0";
			developmentRegion = en;
			hasScannedForEncodings = 0;
			knownRegions = (
				en,
				Base,
			);
			mainGroup = 255BD3221FD1BFE100ACE899;
			productRefGroup = 255BD32C1FD1BFE100ACE899 /* Products */;
			projectDirPath = "";
			projectRoot = "";
			targets = (
				255BD32A1FD1BFE100ACE899 /* ReminderApp */,
			);
		};
/* End PBXProject section */

/* Begin PBXResourcesBuildPhase section */
		255BD3291FD1BFE100ACE899 /* Resources */ = {
			isa = PBXResourcesBuildPhase;
			buildActionMask = 2147483647;
			files = (
				255BD3391FD1BFE100ACE899 /* LaunchScreen.storyboard in Resources */,
				255BD3361FD1BFE100ACE899 /* Assets.xcassets in Resources */,
				255BD3341FD1BFE100ACE899 /* Main.storyboard in Resources */,
			);
			runOnlyForDeploymentPostprocessing = 0;
		};
/* End PBXResourcesBuildPhase section */

/* Begin PBXSourcesBuildPhase section */
		255BD3271FD1BFE100ACE899 /* Sources */ = {
			isa = PBXSourcesBuildPhase;
			buildActionMask = 2147483647;
			files = (
				255BD3491FD1C47E00ACE899 /* DB.swift in Sources */,
				255BD3511FD1F36B00ACE899 /* ScheduleTableViewCell.swift in Sources */,
				255BD3551FD1FE7200ACE899 /* ScheduleTabBarController.swift in Sources */,
				255BD3531FD1FC7700ACE899 /* ConsultScheduleController.swift in Sources */,
				255BD32F1FD1BFE100ACE899 /* AppDelegate.swift in Sources */,
				255BD34B1FD1C4A900ACE899 /* Schedule.swift in Sources */,
				255BD3471FD1C29D00ACE899 /* SaveScheduleController.swift in Sources */,
			);
			runOnlyForDeploymentPostprocessing = 0;
		};
/* End PBXSourcesBuildPhase section */

/* Begin PBXVariantGroup section */
		255BD3321FD1BFE100ACE899 /* Main.storyboard */ = {
			isa = PBXVariantGroup;
			children = (
				255BD3331FD1BFE100ACE899 /* Base */,
			);
			name = Main.storyboard;
			sourceTree = "<group>";
		};
		255BD3371FD1BFE100ACE899 /* LaunchScreen.storyboard */ = {
			isa = PBXVariantGroup;
			children = (
				255BD3381FD1BFE100ACE899 /* Base */,
			);
			name = LaunchScreen.storyboard;
			sourceTree = "<group>";
		};
/* End PBXVariantGroup section */

/* Begin XCBuildConfiguration section */
		255BD33B1FD1BFE100ACE899 /* Debug */ = {
			isa = XCBuildConfiguration;
			buildSettings = {
				ALWAYS_SEARCH_USER_PATHS = NO;
				CLANG_ANALYZER_NONNULL = YES;
				CLANG_ANALYZER_NUMBER_OBJECT_CONVERSION = YES_AGGRESSIVE;
				CLANG_CXX_LANGUAGE_STANDARD = "gnu++14";
				CLANG_CXX_LIBRARY = "libc++";
				CLANG_ENABLE_MODULES = YES;
				CLANG_ENABLE_OBJC_ARC = YES;
				CLANG_WARN_BLOCK_CAPTURE_AUTORELEASING = YES;
				CLANG_WARN_BOOL_CONVERSION = YES;
				CLANG_WARN_COMMA = YES;
				CLANG_WARN_CONSTANT_CONVERSION = YES;
				CLANG_WARN_DIRECT_OBJC_ISA_USAGE = YES_ERROR;
				CLANG_WARN_DOCUMENTATION_COMMENTS = YES;
				CLANG_WARN_EMPTY_BODY = YES;
				CLANG_WARN_ENUM_CONVERSION = YES;
				CLANG_WARN_INFINITE_RECURSION = YES;
				CLANG_WARN_INT_CONVERSION = YES;
				CLANG_WARN_NON_LITERAL_NULL_CONVERSION = YES;
				CLANG_WARN_OBJC_LITERAL_CONVERSION = YES;
				CLANG_WARN_OBJC_ROOT_CLASS = YES_ERROR;
				CLANG_WARN_RANGE_LOOP_ANALYSIS = YES;
				CLANG_WARN_STRICT_PROTOTYPES = YES;
				CLANG_WARN_SUSPICIOUS_MOVE = YES;
				CLANG_WARN_UNGUARDED_AVAILABILITY = YES_AGGRESSIVE;
				CLANG_WARN_UNREACHABLE_CODE = YES;
				CLANG_WARN__DUPLICATE_METHOD_MATCH = YES;
				CODE_SIGN_IDENTITY = "iPhone Developer";
				COPY_PHASE_STRIP = NO;
				DEBUG_INFORMATION_FORMAT = dwarf;
				ENABLE_STRICT_OBJC_MSGSEND = YES;
				ENABLE_TESTABILITY = YES;
				GCC_C_LANGUAGE_STANDARD = gnu11;
				GCC_DYNAMIC_NO_PIC = NO;
				GCC_NO_COMMON_BLOCKS = YES;
				GCC_OPTIMIZATION_LEVEL = 0;
				GCC_PREPROCESSOR_DEFINITIONS = (
					"DEBUG=1",
					"$(inherited)",
				);
				GCC_WARN_64_TO_32_BIT_CONVERSION = YES;
				GCC_WARN_ABOUT_RETURN_TYPE = YES_ERROR;
				GCC_WARN_UNDECLARED_SELECTOR = YES;
				GCC_WARN_UNINITIALIZED_AUTOS = YES_AGGRESSIVE;
				GCC_WARN_UNUSED_FUNCTION = YES;
				GCC_WARN_UNUSED_VARIABLE = YES;
				IPHONEOS_DEPLOYMENT_TARGET = 11.1;
				MTL_ENABLE_DEBUG_INFO = YES;
				ONLY_ACTIVE_ARCH = YES;
				SDKROOT = iphoneos;
				SWIFT_ACTIVE_COMPILATION_CONDITIONS = DEBUG;
				SWIFT_OPTIMIZATION_LEVEL = "-Onone";
			};
			name = Debug;
		};
		255BD33C1FD1BFE100ACE899 /* Release */ = {
			isa = XCBuildConfiguration;
			buildSettings = {
				ALWAYS_SEARCH_USER_PATHS = NO;
				CLANG_ANALYZER_NONNULL = YES;
				CLANG_ANALYZER_NUMBER_OBJECT_CONVERSION = YES_AGGRESSIVE;
				CLANG_CXX_LANGUAGE_STANDARD = "gnu++14";
				CLANG_CXX_LIBRARY = "libc++";
				CLANG_ENABLE_MODULES = YES;
				CLANG_ENABLE_OBJC_ARC = YES;
				CLANG_WARN_BLOCK_CAPTURE_AUTORELEASING = YES;
				CLANG_WARN_BOOL_CONVERSION = YES;
				CLANG_WARN_COMMA = YES;
				CLANG_WARN_CONSTANT_CONVERSION = YES;
				CLANG_WARN_DIRECT_OBJC_ISA_USAGE = YES_ERROR;
				CLANG_WARN_DOCUMENTATION_COMMENTS = YES;
				CLANG_WARN_EMPTY_BODY = YES;
				CLANG_WARN_ENUM_CONVERSION = YES;
				CLANG_WARN_INFINITE_RECURSION = YES;
				CLANG_WARN_INT_CONVERSION = YES;
				CLANG_WARN_NON_LITERAL_NULL_CONVERSION = YES;
				CLANG_WARN_OBJC_LITERAL_CONVERSION = YES;
				CLANG_WARN_OBJC_ROOT_CLASS = YES_ERROR;
				CLANG_WARN_RANGE_LOOP_ANALYSIS = YES;
				CLANG_WARN_STRICT_PROTOTYPES = YES;
				CLANG_WARN_SUSPICIOUS_MOVE = YES;
				CLANG_WARN_UNGUARDED_AVAILABILITY = YES_AGGRESSIVE;
				CLANG_WARN_UNREACHABLE_CODE = YES;
				CLANG_WARN__DUPLICATE_METHOD_MATCH = YES;
				CODE_SIGN_IDENTITY = "iPhone Developer";
				COPY_PHASE_STRIP = NO;
				DEBUG_INFORMATION_FORMAT = "dwarf-with-dsym";
				ENABLE_NS_ASSERTIONS = NO;
				ENABLE_STRICT_OBJC_MSGSEND = YES;
				GCC_C_LANGUAGE_STANDARD = gnu11;
				GCC_NO_COMMON_BLOCKS = YES;
				GCC_WARN_64_TO_32_BIT_CONVERSION = YES;
				GCC_WARN_ABOUT_RETURN_TYPE = YES_ERROR;
				GCC_WARN_UNDECLARED_SELECTOR = YES;
				GCC_WARN_UNINITIALIZED_AUTOS = YES_AGGRESSIVE;
				GCC_WARN_UNUSED_FUNCTION = YES;
				GCC_WARN_UNUSED_VARIABLE = YES;
				IPHONEOS_DEPLOYMENT_TARGET = 11.1;
				MTL_ENABLE_DEBUG_INFO = NO;
				SDKROOT = iphoneos;
				SWIFT_OPTIMIZATION_LEVEL = "-Owholemodule";
				VALIDATE_PRODUCT = YES;
			};
			name = Release;
		};
		255BD33E1FD1BFE100ACE899 /* Debug */ = {
			isa = XCBuildConfiguration;
			buildSettings = {
				ASSETCATALOG_COMPILER_APPICON_NAME = AppIcon;
				CODE_SIGN_STYLE = Automatic;
				DEVELOPMENT_TEAM = H37976G458;
				INFOPLIST_FILE = ReminderApp/Info.plist;
				LD_RUNPATH_SEARCH_PATHS = "$(inherited) @executable_path/Frameworks";
				PRODUCT_BUNDLE_IDENTIFIER = com.scopus.juliano.ReminderApp;
				PRODUCT_NAME = "$(TARGET_NAME)";
				SWIFT_VERSION = 4.0;
				TARGETED_DEVICE_FAMILY = "1,2";
			};
			name = Debug;
		};
		255BD33F1FD1BFE100ACE899 /* Release */ = {
			isa = XCBuildConfiguration;
			buildSettings = {
				ASSETCATALOG_COMPILER_APPICON_NAME = AppIcon;
				CODE_SIGN_STYLE = Automatic;
				DEVELOPMENT_TEAM = H37976G458;
				INFOPLIST_FILE = ReminderApp/Info.plist;
				LD_RUNPATH_SEARCH_PATHS = "$(inherited) @executable_path/Frameworks";
				PRODUCT_BUNDLE_IDENTIFIER = com.scopus.juliano.ReminderApp;
				PRODUCT_NAME = "$(TARGET_NAME)";
				SWIFT_VERSION = 4.0;
				TARGETED_DEVICE_FAMILY = "1,2";
			};
			name = Release;
		};
/* End XCBuildConfiguration section */

/* Begin XCConfigurationList section */
		255BD3261FD1BFE100ACE899 /* Build configuration list for PBXProject "ReminderApp" */ = {
			isa = XCConfigurationList;
			buildConfigurations = (
				255BD33B1FD1BFE100ACE899 /* Debug */,
				255BD33C1FD1BFE100ACE899 /* Release */,
			);
			defaultConfigurationIsVisible = 0;
			defaultConfigurationName = Release;
		};
		255BD33D1FD1BFE100ACE899 /* Build configuration list for PBXNativeTarget "ReminderApp" */ = {
			isa = XCConfigurationList;
			buildConfigurations = (
				255BD33E1FD1BFE100ACE899 /* Debug */,
				255BD33F1FD1BFE100ACE899 /* Release */,
			);
			defaultConfigurationIsVisible = 0;
			defaultConfigurationName = Release;
		};
/* End XCConfigurationList section */
	};
	rootObject = 255BD3231FD1BFE100ACE899 /* Project object */;
}
